
Microsoft Visual Studio Solution File, Format Version 12.00
# Visual Studio Version 17
VisualStudioVersion = 17.0.31903.59
MinimumVisualStudioVersion = 10.0.40219.1
Project("{FAE04EC0-301F-11D3-BF4B-00C04F79EFBC}") = "ArrayUtil", "ArrayUtil\ArrayUtil.csproj", "{7D7E19ED-0CD4-4C43-9C3E-BBF41F0446D8}"
EndProject
Project("{FAE04EC0-301F-11D3-BF4B-00C04F79EFBC}") = "ArrayUtil.Tests", "ArrayUtil.Tests\ArrayUtil.Tests.csproj", "{B18555EF-36CB-4A97-A50B-8CFEB15783E6}"
EndProject
Global
	GlobalSection(SolutionProperties) = preSolution
		HideSolutionNode = FALSE
	EndGlobalSection
	GlobalSection(SolutionConfigurationPlatforms) = preSolution
		Debug|Any CPU = Debug|Any CPU
		Debug|x64 = Debug|x64
		Debug|x86 = Debug|x86
		Release|Any CPU = Release|Any CPU
		Release|x64 = Release|x64
		Release|x86 = Release|x86
	EndGlobalSection
	GlobalSection(ProjectConfigurationPlatforms) = postSolution
		{7D7E19ED-0CD4-4C43-9C3E-BBF41F0446D8}.Debug|Any CPU.ActiveCfg = Debug|Any CPU
		{7D7E19ED-0CD4-4C43-9C3E-BBF41F0446D8}.Debug|Any CPU.Build.0 = Debug|Any CPU
		{7D7E19ED-0CD4-4C43-9C3E-BBF41F0446D8}.Debug|x64.ActiveCfg = Debug|Any CPU
		{7D7E19ED-0CD4-4C43-9C3E-BBF41F0446D8}.Debug|x64.Build.0 = Debug|Any CPU
		{7D7E19ED-0CD4-4C43-9C3E-BBF41F0446D8}.Debug|x86.ActiveCfg = Debug|Any CPU
		{7D7E19ED-0CD4-4C43-9C3E-BBF41F0446D8}.Debug|x86.Build.0 = Debug|Any CPU
		{7D7E19ED-0CD4-4C43-9C3E-BBF41F0446D8}.Release|Any CPU.ActiveCfg = Release|Any CPU
		{7D7E19ED-0CD4-4C43-9C3E-BBF41F0446D8}.Release|Any CPU.Build.0 = Release|Any CPU
		{7D7E19ED-0CD4-4C43-9C3E-BBF41F0446D8}.Release|x64.ActiveCfg = Release|Any CPU
		{7D7E19ED-0CD4-4C43-9C3E-BBF41F0446D8}.Release|x64.Build.0 = Release|Any CPU
		{7D7E19ED-0CD4-4C43-9C3E-BBF41F0446D8}.Release|x86.ActiveCfg = Release|Any CPU
		{7D7E19ED-0CD4-4C43-9C3E-BBF41F0446D8}.Release|x86.Build.0 = Release|Any CPU
		{B18555EF-36CB-4A97-A50B-8CFEB15783E6}.Debug|Any CPU.ActiveCfg = Debug|Any CPU
		{B18555EF-36CB-4A97-A50B-8CFEB15783E6}.Debug|Any CPU.Build.0 = Debug|Any CPU
		{B18555EF-36CB-4A97-A50B-8CFEB15783E6}.Debug|x64.ActiveCfg = Debug|Any CPU
		{B18555EF-36CB-4A97-A50B-8CFEB15783E6}.Debug|x64.Build.0 = Debug|Any CPU
		{B18555EF-36CB-4A97-A50B-8CFEB15783E6}.Debug|x86.ActiveCfg = Debug|Any CPU
		{B18555EF-36CB-4A97-A50B-8CFEB15783E6}.Debug|x86.Build.0 = Debug|Any CPU
		{B18555EF-36CB-4A97-A50B-8CFEB15783E6}.Release|Any CPU.ActiveCfg = Release|Any CPU
		{B18555EF-36CB-4A97-A50B-8CFEB15783E6}.Release|Any CPU.Build.0 = Release|Any CPU
		{B18555EF-36CB-4A97-A50B-8CFEB15783E6}.Release|x64.ActiveCfg = Release|Any CPU
		{B18555EF-36CB-4A97-A50B-8CFEB15783E6}.Release|x64.Build.0 = Release|Any CPU
		{B18555EF-36CB-4A97-A50B-8CFEB15783E6}.Release|x86.ActiveCfg = Release|Any CPU
		{B18555EF-36CB-4A97-A50B-8CFEB15783E6}.Release|x86.Build.0 = Release|Any CPU
	EndGlobalSection
EndGlobal
